
Microsoft Visual Studio Solution File, Format Version 12.00
# Visual Studio Version 16
VisualStudioVersion = 16.0.33130.400
MinimumVisualStudioVersion = 10.0.40219.1
Project("{FAE04EC0-301F-11D3-BF4B-00C04F79EFBC}") = "Wpf-Task19", "Wpf-Task19\Wpf-Task19.csproj", "{1B1E5B02-E1DA-4599-9A64-1805F4D1587D}"
EndProject
Global
	GlobalSection(SolutionConfigurationPlatforms) = preSolution
		Debug|Any CPU = Debug|Any CPU
		Release|Any CPU = Release|Any CPU
	EndGlobalSection
	GlobalSection(ProjectConfigurationPlatforms) = postSolution
		{1B1E5B02-E1DA-4599-9A64-1805F4D1587D}.Debug|Any CPU.ActiveCfg = Debug|Any CPU
		{1B1E5B02-E1DA-4599-9A64-1805F4D1587D}.Debug|Any CPU.Build.0 = Debug|Any CPU
		{1B1E5B02-E1DA-4599-9A64-1805F4D1587D}.Release|Any CPU.ActiveCfg = Release|Any CPU
		{1B1E5B02-E1DA-4599-9A64-1805F4D1587D}.Release|Any CPU.Build.0 = Release|Any CPU
	EndGlobalSection
	GlobalSection(SolutionProperties) = preSolution
		HideSolutionNode = FALSE
	EndGlobalSection
	GlobalSection(ExtensibilityGlobals) = postSolution
		SolutionGuid = {ECE22E6A-9F0D-4967-A10C-40C188C4E2FD}
	EndGlobalSection
EndGlobal
